PODS:
  - Bolts (1.9.0):
    - Bolts/AppLinks (= 1.9.0)
    - Bolts/Tasks (= 1.9.0)
  - Bolts/AppLinks (1.9.0):
    - Bolts/Tasks
  - Bolts/Tasks (1.9.0)
  - BoringSSL-GRPC (0.0.2):
    - BoringSSL-GRPC/Implementation (= 0.0.2)
    - BoringSSL-GRPC/Interface (= 0.0.2)
  - BoringSSL-GRPC/Implementation (0.0.2):
    - BoringSSL-GRPC/Interface (= 0.0.2)
  - BoringSSL-GRPC/Interface (0.0.2)
  - Charts (3.2.2):
    - Charts/Core (= 3.2.2)
  - Charts/Core (3.2.2)
  - Crashlytics (3.10.9):
    - Fabric (~> 1.7.13)
  - ExpyTableView (1.0)
  - Fabric (1.7.13)
  - FacebookCore (0.5.0):
    - Bolts (~> 1.9)
    - FBSDKCoreKit (~> 4.37)
  - FacebookLogin (0.5.0):
    - Bolts (~> 1.9)
    - FacebookCore (~> 0.5)
    - FBSDKCoreKit (~> 4.37)
    - FBSDKLoginKit (~> 4.37)
  - FBSDKCoreKit (4.43.0):
    - Bolts (~> 1.9)
  - FBSDKLoginKit (4.43.0):
    - FBSDKCoreKit
  - Firebase/Auth (5.20.1):
    - Firebase/CoreOnly
    - FirebaseAuth (= 5.4.2)
  - Firebase/Core (5.20.1):
    - Firebase/CoreOnly
    - FirebaseAnalytics (= 5.8.0)
  - Firebase/CoreOnly (5.20.1):
    - FirebaseCore (= 5.4.1)
  - Firebase/Database (5.20.1):
    - Firebase/CoreOnly
    - FirebaseDatabase (= 5.1.1)
  - Firebase/DynamicLinks (5.20.1):
    - Firebase/CoreOnly
    - FirebaseDynamicLinks (= 3.4.3)
  - Firebase/Firestore (5.20.1):
    - Firebase/CoreOnly
    - FirebaseFirestore (= 1.2.1)
  - Firebase/Messaging (5.20.1):
    - Firebase/CoreOnly
    - FirebaseMessaging (= 3.5.0)
  - Firebase/MLVision (5.20.1):
    - Firebase/CoreOnly
    - FirebaseMLVision (= 0.15.0)
  - Firebase/MLVisionTextModel (5.20.1):
    - Firebase/CoreOnly
    - FirebaseMLVisionTextModel (= 0.15.0)
  - Firebase/Storage (5.20.1):
    - Firebase/CoreOnly
    - FirebaseStorage (= 3.1.1)
  - FirebaseAnalytics (5.8.0):
    - FirebaseCore (~> 5.4)
    - FirebaseInstanceID (~> 3.8)
    - GoogleAppMeasurement (= 5.8.0)
    - GoogleUtilities/AppDelegateSwizzler (~> 5.2)
    - GoogleUtilities/MethodSwizzler (~> 5.2)
    - GoogleUtilities/Network (~> 5.2)
    - "GoogleUtilities/NSData+zlib (~> 5.2)"
    - nanopb (~> 0.3)
  - FirebaseAnalyticsInterop (1.2.0)
  - FirebaseAuth (5.4.2):
    - FirebaseAuthInterop (~> 1.0)
    - FirebaseCore (~> 5.2)
    - GoogleUtilities/Environment (~> 5.2)
    - GTMSessionFetcher/Core (~> 1.1)
  - FirebaseAuthInterop (1.0.0)
  - FirebaseCore (5.4.1):
    - GoogleUtilities/Environment (~> 5.2)
    - GoogleUtilities/Logger (~> 5.2)
  - FirebaseDatabase (5.1.1):
    - FirebaseAuthInterop (~> 1.0)
    - FirebaseCore (~> 5.2)
    - leveldb-library (~> 1.18)
  - FirebaseDynamicLinks (3.4.3):
    - FirebaseAnalytics (~> 5.1)
    - FirebaseAnalyticsInterop (~> 1.0)
    - FirebaseCore (~> 5.2)
  - FirebaseFirestore (1.2.1):
    - FirebaseAuthInterop (~> 1.0)
    - FirebaseCore (~> 5.2)
    - FirebaseFirestore/abseil-cpp (= 1.2.1)
    - "gRPC-C++ (= 0.0.6)"
    - leveldb-library (~> 1.20)
    - nanopb (~> 0.3.901)
    - Protobuf (~> 3.1)
  - FirebaseFirestore/abseil-cpp (1.2.1):
    - FirebaseAuthInterop (~> 1.0)
    - FirebaseCore (~> 5.2)
    - "gRPC-C++ (= 0.0.6)"
    - leveldb-library (~> 1.20)
    - nanopb (~> 0.3.901)
    - Protobuf (~> 3.1)
  - FirebaseInstanceID (3.8.1):
    - FirebaseCore (~> 5.2)
    - GoogleUtilities/Environment (~> 5.2)
    - GoogleUtilities/UserDefaults (~> 5.2)
  - FirebaseMessaging (3.5.0):
    - FirebaseAnalyticsInterop (~> 1.1)
    - FirebaseCore (~> 5.2)
    - FirebaseInstanceID (~> 3.6)
    - GoogleUtilities/Environment (~> 5.3)
    - GoogleUtilities/Reachability (~> 5.3)
    - GoogleUtilities/UserDefaults (~> 5.3)
    - Protobuf (~> 3.1)
  - FirebaseMLCommon (0.15.0):
    - FirebaseCore (~> 5.4)
    - FirebaseInstanceID (~> 3.8)
    - GoogleUtilities/UserDefaults (~> 5.3)
    - GTMSessionFetcher/Core (~> 1.1)
  - FirebaseMLVision (0.15.0):
    - FirebaseCore (~> 5.4)
    - FirebaseMLCommon (~> 0.15)
    - GoogleAPIClientForREST/Core (~> 1.3)
    - GoogleAPIClientForREST/Vision (~> 1.3)
    - GoogleMobileVision/Detector (~> 1.4)
  - FirebaseMLVisionTextModel (0.15.0):
    - GoogleMobileVision/TextDetector (~> 1.4)
  - FirebaseStorage (3.1.1):
    - FirebaseAuthInterop (~> 1.0)
    - FirebaseCore (~> 5.2)
    - GTMSessionFetcher/Core (~> 1.1)
  - GoogleAPIClientForREST/Core (1.3.8):
    - GTMSessionFetcher (>= 1.1.7)
  - GoogleAPIClientForREST/Vision (1.3.8):
    - GoogleAPIClientForREST/Core
    - GTMSessionFetcher (>= 1.1.7)
  - GoogleAppMeasurement (5.8.0):
    - GoogleUtilities/AppDelegateSwizzler (~> 5.2)
    - GoogleUtilities/MethodSwizzler (~> 5.2)
    - GoogleUtilities/Network (~> 5.2)
    - "GoogleUtilities/NSData+zlib (~> 5.2)"
    - nanopb (~> 0.3)
  - GoogleMaps (3.0.3):
    - GoogleMaps/Maps (= 3.0.3)
  - GoogleMaps/Base (3.0.3)
  - GoogleMaps/Maps (3.0.3):
    - GoogleMaps/Base
  - GoogleMobileVision/Detector (1.5.0):
    - GoogleToolboxForMac/Logger (~> 2.1)
    - "GoogleToolboxForMac/NSData+zlib (~> 2.1)"
    - GTMSessionFetcher/Core (~> 1.1)
    - Protobuf (~> 3.1)
  - GoogleMobileVision/TextDetector (1.5.0):
    - GoogleMobileVision/Detector (~> 1.5)
  - GoogleToolboxForMac/Defines (2.2.0)
  - GoogleToolboxForMac/Logger (2.2.0):
    - GoogleToolboxForMac/Defines (= 2.2.0)
  - "GoogleToolboxForMac/NSData+zlib (2.2.0)":
    - GoogleToolboxForMac/Defines (= 2.2.0)
  - GoogleUtilities/AppDelegateSwizzler (5.5.0):
    - GoogleUtilities/Environment
    - GoogleUtilities/Logger
    - GoogleUtilities/Network
  - GoogleUtilities/Environment (5.5.0)
  - GoogleUtilities/Logger (5.5.0):
    - GoogleUtilities/Environment
  - GoogleUtilities/MethodSwizzler (5.5.0):
    - GoogleUtilities/Logger
  - GoogleUtilities/Network (5.5.0):
    - GoogleUtilities/Logger
    - "GoogleUtilities/NSData+zlib"
    - GoogleUtilities/Reachability
  - "GoogleUtilities/NSData+zlib (5.5.0)"
  - GoogleUtilities/Reachability (5.5.0):
    - GoogleUtilities/Logger
  - GoogleUtilities/UserDefaults (5.5.0):
    - GoogleUtilities/Logger
  - GradientProgressBar (1.2.7)
  - "gRPC-C++ (0.0.6)":
    - "gRPC-C++/Implementation (= 0.0.6)"
    - "gRPC-C++/Interface (= 0.0.6)"
  - "gRPC-C++/Implementation (0.0.6)":
    - "gRPC-C++/Interface (= 0.0.6)"
    - gRPC-Core (= 1.17.0)
    - nanopb (~> 0.3)
  - "gRPC-C++/Interface (0.0.6)"
  - gRPC-Core (1.17.0):
    - gRPC-Core/Implementation (= 1.17.0)
    - gRPC-Core/Interface (= 1.17.0)
  - gRPC-Core/Implementation (1.17.0):
    - BoringSSL-GRPC (= 0.0.2)
    - gRPC-Core/Interface (= 1.17.0)
    - nanopb (~> 0.3)
  - gRPC-Core/Interface (1.17.0)
  - GTMSessionFetcher (1.2.1):
    - GTMSessionFetcher/Full (= 1.2.1)
  - GTMSessionFetcher/Core (1.2.1)
  - GTMSessionFetcher/Full (1.2.1):
    - GTMSessionFetcher/Core (= 1.2.1)
  - HGCircularSlider (2.1.0)
  - Instabug (8.2.2)
  - IQKeyboardManagerSwift (6.2.1)
  - leveldb-library (1.20)
  - LUExpandableTableView (4.1.0)
  - mailcore2-ios (0.6.4)
  - nanopb (0.3.901):
    - nanopb/decode (= 0.3.901)
    - nanopb/encode (= 0.3.901)
  - nanopb/decode (0.3.901)
  - nanopb/encode (0.3.901)
  - PDFGenerator (2.1.1)
  - Protobuf (3.7.0)
  - ReachabilitySwift (4.3.1)
  - RSKImageCropper (2.2.1)
  - SDWebImage (4.4.6):
    - SDWebImage/Core (= 4.4.6)
  - SDWebImage/Core (4.4.6)
  - surveymonkey-ios-sdk (2.0.4)
  - SwiftKeychainWrapper (3.2.0)
  - SwiftRangeSlider (2.0.0)
  - SwipeCellKit (2.5.4)
  - "UITextView+Placeholder (1.2.1)"
  - Zip (1.1.0)

DEPENDENCIES:
  - Charts
  - Crashlytics (~> 3.10.7)
  - ExpyTableView
  - Fabric (~> 1.7.11)
  - FacebookCore
  - FacebookLogin
  - FBSDKLoginKit
  - Firebase/Auth
  - Firebase/Core
  - Firebase/Database
  - Firebase/DynamicLinks
  - Firebase/Firestore
  - Firebase/Messaging
  - Firebase/MLVision
  - Firebase/MLVisionTextModel
  - Firebase/Storage
  - GoogleMaps
  - GradientProgressBar (~> 1.0)
  - HGCircularSlider
  - Instabug
  - IQKeyboardManagerSwift
  - LUExpandableTableView
  - mailcore2-ios
  - PDFGenerator (~> 2.1)
  - ReachabilitySwift
  - RSKImageCropper
  - SDWebImage
  - surveymonkey-ios-sdk
  - SwiftKeychainWrapper
  - SwiftRangeSlider
  - SwipeCellKit
  - "UITextView+Placeholder"
  - Zip

SPEC REPOS:
  https://github.com/cocoapods/specs.git:
    - Bolts
    - BoringSSL-GRPC
    - Charts
    - Crashlytics
    - ExpyTableView
    - Fabric
    - FacebookCore
    - FacebookLogin
    - FBSDKCoreKit
    - FBSDKLoginKit
    - Firebase
    - FirebaseAnalytics
    - FirebaseAnalyticsInterop
    - FirebaseAuth
    - FirebaseAuthInterop
    - FirebaseCore
    - FirebaseDatabase
    - FirebaseDynamicLinks
    - FirebaseFirestore
    - FirebaseInstanceID
    - FirebaseMessaging
    - FirebaseMLCommon
    - FirebaseMLVision
    - FirebaseMLVisionTextModel
    - FirebaseStorage
    - GoogleAPIClientForREST
    - GoogleAppMeasurement
    - GoogleMaps
    - GoogleMobileVision
    - GoogleToolboxForMac
    - GoogleUtilities
    - GradientProgressBar
    - "gRPC-C++"
    - gRPC-Core
    - GTMSessionFetcher
    - HGCircularSlider
    - Instabug
    - IQKeyboardManagerSwift
    - leveldb-library
    - LUExpandableTableView
    - mailcore2-ios
    - nanopb
    - PDFGenerator
    - Protobuf
    - ReachabilitySwift
    - RSKImageCropper
    - SDWebImage
    - surveymonkey-ios-sdk
    - SwiftKeychainWrapper
    - SwiftRangeSlider
    - SwipeCellKit
    - "UITextView+Placeholder"
    - Zip

SPEC CHECKSUMS:
  Bolts: ac6567323eac61e203f6a9763667d0f711be34c8
  BoringSSL-GRPC: 2a230d9cd93e7ce39916044f645cebb31f37dde6
  Charts: f69cf0518b6d1d62608ca504248f1bbe0b6ae77e
  Crashlytics: 55e24fc23989680285a21cb1146578d9d18e432c
  ExpyTableView: 75fe6494d4613fd3dc4bd965cce6e14cec7e2223
  Fabric: 25d0963b691fc97be566392243ff0ecef5a68338
  FacebookCore: 74288d0add931d361b1596beae787ab72c438249
  FacebookLogin: ebcf34714a1cb9f0759d9f071cfb01ed500996cf
  FBSDKCoreKit: cf5ff942be81ce3a45fdcbc244a3bf6f02612bac
  FBSDKLoginKit: bea6daf533375bfb6e2bb1eefda5ccbdb3ce45ae
  Firebase: 2f5235e62f141cb86181c3af0dfe4509706351ac
  FirebaseAnalytics: fd72a26bf8dac84cefba2f0864366f718555a5b0
  FirebaseAnalyticsInterop: efbe45c8385ec626e29f9525e5ebd38520dfb6c1
  FirebaseAuth: dd7bbf03a5aee0eafb3a1aee4d2812bd74bac890
  FirebaseAuthInterop: 0ffa57668be100582bb7643d4fcb7615496c41fc
  FirebaseCore: f1a9a8be1aee4bf71a2fc0f4096df6788bdfda61
  FirebaseDatabase: 2c15b0ea6f2c6eb5e57413f9d6340f1e50b81ae3
  FirebaseDynamicLinks: f7a8717e2c7ea652923882a2d60b0045d6fd99d5
  FirebaseFirestore: faca891c0f0d1d6c10c793473e2f6a29d75014b5
  FirebaseInstanceID: a122b0c258720cf250551bb2bedf48c699f80d90
  FirebaseMessaging: 4235f949ce1c4e827aeb19705ba5c53f9b85aa10
  FirebaseMLCommon: 192c49ec584f1fb559747f1da8052441158b04d7
  FirebaseMLVision: 257d9f1eaac1565f4dac67adf8b76805fa2a9a80
  FirebaseMLVisionTextModel: 8094f552d742bea9ca7ec0fc9164e11ce6de9fc8
  FirebaseStorage: 6162ef4322502b818d9de0ec552f5226d283de43
  GoogleAPIClientForREST: 5447a194eae517986cafe6421a5330b80b820591
  GoogleAppMeasurement: 1624046ab1bcc5e170061a56ef5679000b079c8e
  GoogleMaps: fd5c9fa58871781b9fb94d4936f19c69fe60ce32
  GoogleMobileVision: a1f93108b3527d67339e2de80e1db76645f9e8b9
  GoogleToolboxForMac: ff31605b7d66400dcec09bed5861689aebadda4d
  GoogleUtilities: 6481e6318c5fcabaaa8513ef8120f329055d7c10
  GradientProgressBar: a5754d3b3052b84c1c55d336dccd080ffbad5b11
  "gRPC-C++": e76441995900ac90e9bd98644ab4733f12521edf
  gRPC-Core: 4028031ed2c5267cca0d846c876d8046b1ecb9b6
  GTMSessionFetcher: 32aeca0aa144acea523e1c8e053089dec2cb98ca
  HGCircularSlider: 5b39e1c6eaf39c9e14859e242060196468389f17
  Instabug: bfd57853ad11b4135fbc914cdc77a44286f5eeed
  IQKeyboardManagerSwift: 0f0ae8935360b4003e6ea1ac7c19898f01e2f7c7
  leveldb-library: 08cba283675b7ed2d99629a4bc5fd052cd2bb6a5
  LUExpandableTableView: 018fbd452e6bd5ce16c013e004ef37599e90c92d
  mailcore2-ios: 3ff0be2fa553d4da9c11d39c11d51863c768f24f
  nanopb: 2901f78ea1b7b4015c860c2fdd1ea2fee1a18d48
  PDFGenerator: db0b679a1bcae76adf79667708e267c0964645a2
  Protobuf: 7a877b7f3e5964e3fce995e2eb323dbc6831bb5a
  ReachabilitySwift: 4032e2f59586e11e3b0ebe15b167abdd587a388b
  RSKImageCropper: 98296ad26b41753f796b6898d015509598f13d97
  SDWebImage: 3f3f0c02f09798048c47a5ed0a13f17b063572d8
  surveymonkey-ios-sdk: 974f5b54687df43edf63253f6de8da035237e15f
  SwiftKeychainWrapper: 82c4c02cdc36f9a24f7edfcaab3e336401caa1a1
  SwiftRangeSlider: f86e3b637c961120158fa1a89277c8343845cbe4
  SwipeCellKit: 4eada3884ab1bbae5e8d2fb9030c242aa23d7f42
  "UITextView+Placeholder": 0c3efd97f37ea64bde7f34cc6e90fe02e87b3909
  Zip: 8877eede3dda76bcac281225c20e71c25270774c

PODFILE CHECKSUM: 82a889d389269910823ed394ce7a58a364d3ce68

COCOAPODS: 1.6.1
